
Microsoft Visual Studio Solution File, Format Version 12.00
# Visual Studio Version 17
VisualStudioVersion = 17.7.34031.279
MinimumVisualStudioVersion = 10.0.40219.1
Project("{8BC9CEB8-8B4A-11D0-8D11-00A0C91BC942}") = "CrimsonBet_Basic_Logic_VS", "CrimsonBet_Basic_Logic_VS\CrimsonBet_Basic_Logic_VS.vcxproj", "{A780E59E-07E8-4838-BDF0-8971E2C0040B}"
EndProject
Global
	GlobalSection(SolutionConfigurationPlatforms) = preSolution
		Debug|x64 = Debug|x64
		Debug|x86 = Debug|x86
		Release|x64 = Release|x64
		Release|x86 = Release|x86
	EndGlobalSection
	GlobalSection(ProjectConfigurationPlatforms) = postSolution
		{A780E59E-07E8-4838-BDF0-8971E2C0040B}.Debug|x64.ActiveCfg = Debug|x64
		{A780E59E-07E8-4838-BDF0-8971E2C0040B}.Debug|x64.Build.0 = Debug|x64
		{A780E59E-07E8-4838-BDF0-8971E2C0040B}.Debug|x86.ActiveCfg = Debug|Win32
		{A780E59E-07E8-4838-BDF0-8971E2C0040B}.Debug|x86.Build.0 = Debug|Win32
		{A780E59E-07E8-4838-BDF0-8971E2C0040B}.Release|x64.ActiveCfg = Release|x64
		{A780E59E-07E8-4838-BDF0-8971E2C0040B}.Release|x64.Build.0 = Release|x64
		{A780E59E-07E8-4838-BDF0-8971E2C0040B}.Release|x86.ActiveCfg = Release|Win32
		{A780E59E-07E8-4838-BDF0-8971E2C0040B}.Release|x86.Build.0 = Release|Win32
	EndGlobalSection
	GlobalSection(SolutionProperties) = preSolution
		HideSolutionNode = FALSE
	EndGlobalSection
	GlobalSection(ExtensibilityGlobals) = postSolution
		SolutionGuid = {75B44557-BC76-4FBF-BC3E-80EFD1E54873}
	EndGlobalSection
EndGlobal
